
Microsoft Visual Studio Solution File, Format Version 12.00
# Visual Studio Version 17
VisualStudioVersion = 17.0.31919.166
MinimumVisualStudioVersion = 10.0.40219.1
Project("{FAE04EC0-301F-11D3-BF4B-00C04F79EFBC}") = "SimplePrograms", "SimplePrograms\SimplePrograms.csproj", "{01383514-37A9-4D9A-952B-8D5CD89B499C}"
EndProject
Global
	GlobalSection(SolutionConfigurationPlatforms) = preSolution
		Debug|Any CPU = Debug|Any CPU
		Release|Any CPU = Release|Any CPU
	EndGlobalSection
	GlobalSection(ProjectConfigurationPlatforms) = postSolution
		{01383514-37A9-4D9A-952B-8D5CD89B499C}.Debug|Any CPU.ActiveCfg = Debug|Any CPU
		{01383514-37A9-4D9A-952B-8D5CD89B499C}.Debug|Any CPU.Build.0 = Debug|Any CPU
		{01383514-37A9-4D9A-952B-8D5CD89B499C}.Release|Any CPU.ActiveCfg = Release|Any CPU
		{01383514-37A9-4D9A-952B-8D5CD89B499C}.Release|Any CPU.Build.0 = Release|Any CPU
	EndGlobalSection
	GlobalSection(SolutionProperties) = preSolution
		HideSolutionNode = FALSE
	EndGlobalSection
	GlobalSection(ExtensibilityGlobals) = postSolution
		SolutionGuid = {7C8A6AA9-DAD5-4184-88EA-7A117DE1C001}
	EndGlobalSection
EndGlobal
